
Microsoft Visual Studio Solution File, Format Version 12.00
# Visual Studio Version 16
VisualStudioVersion = 16.0.29418.71
MinimumVisualStudioVersion = 10.0.40219.1
Project("{FAE04EC0-301F-11D3-BF4B-00C04F79EFBC}") = "ExcelWorksheetsToCSV", "ExcelWorksheetsToCSV\ExcelWorksheetsToCSV.csproj", "{A2A75E4A-F231-4D5D-8432-6A071E026E3E}"
EndProject
Global
	GlobalSection(SolutionConfigurationPlatforms) = preSolution
		Debug|Any CPU = Debug|Any CPU
		Release|Any CPU = Release|Any CPU
	EndGlobalSection
	GlobalSection(ProjectConfigurationPlatforms) = postSolution
		{A2A75E4A-F231-4D5D-8432-6A071E026E3E}.Debug|Any CPU.ActiveCfg = Debug|Any CPU
		{A2A75E4A-F231-4D5D-8432-6A071E026E3E}.Debug|Any CPU.Build.0 = Debug|Any CPU
		{A2A75E4A-F231-4D5D-8432-6A071E026E3E}.Release|Any CPU.ActiveCfg = Release|Any CPU
		{A2A75E4A-F231-4D5D-8432-6A071E026E3E}.Release|Any CPU.Build.0 = Release|Any CPU
	EndGlobalSection
	GlobalSection(SolutionProperties) = preSolution
		HideSolutionNode = FALSE
	EndGlobalSection
	GlobalSection(ExtensibilityGlobals) = postSolution
		SolutionGuid = {14C16D39-C1D3-44FF-B2F7-53348F7055C7}
	EndGlobalSection
EndGlobal
